
Microsoft Visual Studio Solution File, Format Version 12.00
# Visual Studio Version 17
VisualStudioVersion = 17.1.32328.378
MinimumVisualStudioVersion = 10.0.40219.1
Project("{FAE04EC0-301F-11D3-BF4B-00C04F79EFBC}") = "WebBanQA", "WebBanQA\WebBanQA.csproj", "{9EF49B29-CFD2-446C-B088-6F99B8FAEA21}"
EndProject
Global
	GlobalSection(SolutionConfigurationPlatforms) = preSolution
		Debug|Any CPU = Debug|Any CPU
		Release|Any CPU = Release|Any CPU
	EndGlobalSection
	GlobalSection(ProjectConfigurationPlatforms) = postSolution
		{9EF49B29-CFD2-446C-B088-6F99B8FAEA21}.Debug|Any CPU.ActiveCfg = Debug|Any CPU
		{9EF49B29-CFD2-446C-B088-6F99B8FAEA21}.Debug|Any CPU.Build.0 = Debug|Any CPU
		{9EF49B29-CFD2-446C-B088-6F99B8FAEA21}.Release|Any CPU.ActiveCfg = Release|Any CPU
		{9EF49B29-CFD2-446C-B088-6F99B8FAEA21}.Release|Any CPU.Build.0 = Release|Any CPU
	EndGlobalSection
	GlobalSection(SolutionProperties) = preSolution
		HideSolutionNode = FALSE
	EndGlobalSection
	GlobalSection(ExtensibilityGlobals) = postSolution
		SolutionGuid = {DC3FC113-3B98-4E2E-A682-A5B72FE043A3}
	EndGlobalSection
EndGlobal
